
Microsoft Visual Studio Solution File, Format Version 12.00
# Visual Studio Version 17
VisualStudioVersion = 17.3.32804.467
MinimumVisualStudioVersion = 10.0.40219.1
Project("{FAE04EC0-301F-11D3-BF4B-00C04F79EFBC}") = "voteEligibility", "voteEligibility.csproj", "{6272BCA4-7C00-466E-8F7C-84E3EFF57DF2}"
EndProject
Global
	GlobalSection(SolutionConfigurationPlatforms) = preSolution
		Debug|Any CPU = Debug|Any CPU
		Release|Any CPU = Release|Any CPU
	EndGlobalSection
	GlobalSection(ProjectConfigurationPlatforms) = postSolution
		{6272BCA4-7C00-466E-8F7C-84E3EFF57DF2}.Debug|Any CPU.ActiveCfg = Debug|Any CPU
		{6272BCA4-7C00-466E-8F7C-84E3EFF57DF2}.Debug|Any CPU.Build.0 = Debug|Any CPU
		{6272BCA4-7C00-466E-8F7C-84E3EFF57DF2}.Release|Any CPU.ActiveCfg = Release|Any CPU
		{6272BCA4-7C00-466E-8F7C-84E3EFF57DF2}.Release|Any CPU.Build.0 = Release|Any CPU
	EndGlobalSection
	GlobalSection(SolutionProperties) = preSolution
		HideSolutionNode = FALSE
	EndGlobalSection
	GlobalSection(ExtensibilityGlobals) = postSolution
		SolutionGuid = {6342B46C-52F6-4A85-9661-D06FF00178EB}
	EndGlobalSection
EndGlobal
