
Microsoft Visual Studio Solution File, Format Version 12.00
# Visual Studio Version 17
VisualStudioVersion = 17.3.32804.467
MinimumVisualStudioVersion = 10.0.40219.1
Project("{FAE04EC0-301F-11D3-BF4B-00C04F79EFBC}") = "LINQ", "LINQ.csproj", "{F905343F-65F7-463C-AFD4-C6E88BFB15E6}"
EndProject
Global
	GlobalSection(SolutionConfigurationPlatforms) = preSolution
		Debug|Any CPU = Debug|Any CPU
		Release|Any CPU = Release|Any CPU
	EndGlobalSection
	GlobalSection(ProjectConfigurationPlatforms) = postSolution
		{F905343F-65F7-463C-AFD4-C6E88BFB15E6}.Debug|Any CPU.ActiveCfg = Debug|Any CPU
		{F905343F-65F7-463C-AFD4-C6E88BFB15E6}.Debug|Any CPU.Build.0 = Debug|Any CPU
		{F905343F-65F7-463C-AFD4-C6E88BFB15E6}.Release|Any CPU.ActiveCfg = Release|Any CPU
		{F905343F-65F7-463C-AFD4-C6E88BFB15E6}.Release|Any CPU.Build.0 = Release|Any CPU
	EndGlobalSection
	GlobalSection(SolutionProperties) = preSolution
		HideSolutionNode = FALSE
	EndGlobalSection
	GlobalSection(ExtensibilityGlobals) = postSolution
		SolutionGuid = {C0C67E9E-EA84-4E04-B4C2-B65844947301}
	EndGlobalSection
EndGlobal
